// !$*UTF8*$!
{
	archiveVersion = 1;
	classes = {
	};
	objectVersion = 56;
	objects = {

/* Begin PBXBuildFile section */
		252D05842A95C4FE004ED9DB /* Icons.swift in Sources */ = {isa = PBXBuildFile; fileRef = 252D05832A95C4FE004ED9DB /* Icons.swift */; };
		252D05862A95D3A3004ED9DB /* Frames.swift in Sources */ = {isa = PBXBuildFile; fileRef = 252D05852A95D3A3004ED9DB /* Frames.swift */; };
		252D05882A95D9C5004ED9DB /* BackgroundAndOverlay.swift in Sources */ = {isa = PBXBuildFile; fileRef = 252D05872A95D9C5004ED9DB /* BackgroundAndOverlay.swift */; };
		258EED5C2A504F7A00D52BBE /* LearningSwiftUIApp.swift in Sources */ = {isa = PBXBuildFile; fileRef = 258EED5B2A504F7A00D52BBE /* LearningSwiftUIApp.swift */; };
		258EED5E2A504F7A00D52BBE /* ContentView.swift in Sources */ = {isa = PBXBuildFile; fileRef = 258EED5D2A504F7A00D52BBE /* ContentView.swift */; };
		258EED602A504F7C00D52BBE /* Assets.xcassets in Resources */ = {isa = PBXBuildFile; fileRef = 258EED5F2A504F7C00D52BBE /* Assets.xcassets */; };
		258EED632A504F7C00D52BBE /* Preview Assets.xcassets in Resources */ = {isa = PBXBuildFile; fileRef = 258EED622A504F7C00D52BBE /* Preview Assets.xcassets */; };
		25CA897C2A94BB97007B0004 /* Shapes.swift in Sources */ = {isa = PBXBuildFile; fileRef = 25CA897B2A94BB97007B0004 /* Shapes.swift */; };
		25CA897E2A94CB10007B0004 /* Colors.swift in Sources */ = {isa = PBXBuildFile; fileRef = 25CA897D2A94CB10007B0004 /* Colors.swift */; };
		25CA89802A94CC5D007B0004 /* Gradient.swift in Sources */ = {isa = PBXBuildFile; fileRef = 25CA897F2A94CC5D007B0004 /* Gradient.swift */; };
		25DCFE732A9C7153003A8438 /* Stacks(H, V, Z).swift in Sources */ = {isa = PBXBuildFile; fileRef = 25DCFE722A9C7153003A8438 /* Stacks(H, V, Z).swift */; };
		25DCFE752A9C80AC003A8438 /* Padding.swift in Sources */ = {isa = PBXBuildFile; fileRef = 25DCFE742A9C80AC003A8438 /* Padding.swift */; };
		84FB5AC32AD9CA2A000E0A9D /* FocusState.swift in Sources */ = {isa = PBXBuildFile; fileRef = 84FB5AC22AD9CA2A000E0A9D /* FocusState.swift */; };
		84FB5AC52ADA8E83000E0A9D /* CustomizingKeyboardSubmitButton.swift in Sources */ = {isa = PBXBuildFile; fileRef = 84FB5AC42ADA8E83000E0A9D /* CustomizingKeyboardSubmitButton.swift */; };
		84FB5AC72ADA9B61000E0A9D /* NavigationStackLearning.swift in Sources */ = {isa = PBXBuildFile; fileRef = 84FB5AC62ADA9B61000E0A9D /* NavigationStackLearning.swift */; };
		84FB5AC92ADABF75000E0A9D /* ToolBarLearning.swift in Sources */ = {isa = PBXBuildFile; fileRef = 84FB5AC82ADABF75000E0A9D /* ToolBarLearning.swift */; };
		84FB5ACB2ADB0D9D000E0A9D /* ResizableSheets.swift in Sources */ = {isa = PBXBuildFile; fileRef = 84FB5ACA2ADB0D9D000E0A9D /* ResizableSheets.swift */; };
		84FB5ACD2ADB1250000E0A9D /* SafeAreaInsets.swift in Sources */ = {isa = PBXBuildFile; fileRef = 84FB5ACC2ADB1250000E0A9D /* SafeAreaInsets.swift */; };
		84FB5ACF2ADB1CE7000E0A9D /* GroupLearning.swift in Sources */ = {isa = PBXBuildFile; fileRef = 84FB5ACE2ADB1CE7000E0A9D /* GroupLearning.swift */; };
		84FB5AD12ADB2542000E0A9D /* MenuLearning.swift in Sources */ = {isa = PBXBuildFile; fileRef = 84FB5AD02ADB2542000E0A9D /* MenuLearning.swift */; };
		F509BA592AA9ADFC00A06E20 /* Spacers.swift in Sources */ = {isa = PBXBuildFile; fileRef = F509BA582AA9ADFC00A06E20 /* Spacers.swift */; };
		F509BA5B2AAADF0D00A06E20 /* InitsAndEnums.swift in Sources */ = {isa = PBXBuildFile; fileRef = F509BA5A2AAADF0D00A06E20 /* InitsAndEnums.swift */; };
		F509BA5D2AAAEBD000A06E20 /* LoopsForEach.swift in Sources */ = {isa = PBXBuildFile; fileRef = F509BA5C2AAAEBD000A06E20 /* LoopsForEach.swift */; };
		F509BA5F2AAB236C00A06E20 /* ScrollViews.swift in Sources */ = {isa = PBXBuildFile; fileRef = F509BA5E2AAB236C00A06E20 /* ScrollViews.swift */; };
		F509BA612AAB285000A06E20 /* LazyStacks.swift in Sources */ = {isa = PBXBuildFile; fileRef = F509BA602AAB285000A06E20 /* LazyStacks.swift */; };
		F509BA632AAB3E5E00A06E20 /* Grids.swift in Sources */ = {isa = PBXBuildFile; fileRef = F509BA622AAB3E5E00A06E20 /* Grids.swift */; };
		F509BA652AADDC5000A06E20 /* SafeArea.swift in Sources */ = {isa = PBXBuildFile; fileRef = F509BA642AADDC5000A06E20 /* SafeArea.swift */; };
		F509BA672AAECFC100A06E20 /* Buttons.swift in Sources */ = {isa = PBXBuildFile; fileRef = F509BA662AAECFC100A06E20 /* Buttons.swift */; };
		F509BA6B2AAEDC1000A06E20 /* State_Concept.swift in Sources */ = {isa = PBXBuildFile; fileRef = F509BA6A2AAEDC1000A06E20 /* State_Concept.swift */; };
		F509BA6D2AAEE4E700A06E20 /* ExtractFunctions.swift in Sources */ = {isa = PBXBuildFile; fileRef = F509BA6C2AAEE4E700A06E20 /* ExtractFunctions.swift */; };
		F509BA6F2AAEF6BB00A06E20 /* ExtractSubviews.swift in Sources */ = {isa = PBXBuildFile; fileRef = F509BA6E2AAEF6BB00A06E20 /* ExtractSubviews.swift */; };
		F509BA712AAF170100A06E20 /* Binding.swift in Sources */ = {isa = PBXBuildFile; fileRef = F509BA702AAF170100A06E20 /* Binding.swift */; };
		F509BA732AB06F1000A06E20 /* Conditionals.swift in Sources */ = {isa = PBXBuildFile; fileRef = F509BA722AB06F1000A06E20 /* Conditionals.swift */; };
		F509BA752AB171F000A06E20 /* TernaryOperator.swift in Sources */ = {isa = PBXBuildFile; fileRef = F509BA742AB171F000A06E20 /* TernaryOperator.swift */; };
		F509BA772AB17C3D00A06E20 /* Animations.swift in Sources */ = {isa = PBXBuildFile; fileRef = F509BA762AB17C3D00A06E20 /* Animations.swift */; };
		F509BA792AB187AC00A06E20 /* AnimationTiming:Curve.swift in Sources */ = {isa = PBXBuildFile; fileRef = F509BA782AB187AC00A06E20 /* AnimationTiming:Curve.swift */; };
		F509BA7B2AB1BAB100A06E20 /* Transitions.swift in Sources */ = {isa = PBXBuildFile; fileRef = F509BA7A2AB1BAB100A06E20 /* Transitions.swift */; };
		F58395CF2AB5C49900D27F74 /* NavigationView.swift in Sources */ = {isa = PBXBuildFile; fileRef = F58395CE2AB5C49900D27F74 /* NavigationView.swift */; };
		F58395D12AB6380200D27F74 /* ListsLearning.swift in Sources */ = {isa = PBXBuildFile; fileRef = F58395D02AB6380200D27F74 /* ListsLearning.swift */; };
		F58395D32AB716FE00D27F74 /* AlertsLearning.swift in Sources */ = {isa = PBXBuildFile; fileRef = F58395D22AB716FE00D27F74 /* AlertsLearning.swift */; };
		F583962D2AB9708B00D27F74 /* ActionSheetLearning.swift in Sources */ = {isa = PBXBuildFile; fileRef = F583962C2AB9708B00D27F74 /* ActionSheetLearning.swift */; };
		F583962F2AB97CAE00D27F74 /* ContextMenu.swift in Sources */ = {isa = PBXBuildFile; fileRef = F583962E2AB97CAE00D27F74 /* ContextMenu.swift */; };
		F58396312AB9872200D27F74 /* TextfieldLearning.swift in Sources */ = {isa = PBXBuildFile; fileRef = F58396302AB9872200D27F74 /* TextfieldLearning.swift */; };
		F58396332AB99B9E00D27F74 /* TestEditorLearning.swift in Sources */ = {isa = PBXBuildFile; fileRef = F58396322AB99B9E00D27F74 /* TestEditorLearning.swift */; };
		F58396352AB9A27200D27F74 /* ToggleLearning.swift in Sources */ = {isa = PBXBuildFile; fileRef = F58396342AB9A27200D27F74 /* ToggleLearning.swift */; };
		F58396372AB9AF7300D27F74 /* PickerLearning.swift in Sources */ = {isa = PBXBuildFile; fileRef = F58396362AB9AF7300D27F74 /* PickerLearning.swift */; };
		F5D3F2992ABD79DD007D5140 /* EnvironmentObject.swift in Sources */ = {isa = PBXBuildFile; fileRef = F5D3F2982ABD79DD007D5140 /* EnvironmentObject.swift */; };
		F5D3F29B2ABD97E9007D5140 /* AppStorageLearning.swift in Sources */ = {isa = PBXBuildFile; fileRef = F5D3F29A2ABD97E9007D5140 /* AppStorageLearning.swift */; };
		F5D3F29E2ABEE72B007D5140 /* IntroView.swift in Sources */ = {isa = PBXBuildFile; fileRef = F5D3F29D2ABEE72B007D5140 /* IntroView.swift */; };
		F5D3F2A02ABEE73C007D5140 /* OnboardingView.swift in Sources */ = {isa = PBXBuildFile; fileRef = F5D3F29F2ABEE73C007D5140 /* OnboardingView.swift */; };
		F5D45E0A2AB42EC5003DBE51 /* PopUpSheetsAndFullScreenCover.swift in Sources */ = {isa = PBXBuildFile; fileRef = F5D45E092AB42EC5003DBE51 /* PopUpSheetsAndFullScreenCover.swift */; };
		F5D45E0C2AB45768003DBE51 /* SheetsVsAnimationsVsTransitions.swift in Sources */ = {isa = PBXBuildFile; fileRef = F5D45E0B2AB45768003DBE51 /* SheetsVsAnimationsVsTransitions.swift */; };
		F5EE805E2ABAD42500AEEF4C /* ColorPicker.swift in Sources */ = {isa = PBXBuildFile; fileRef = F5EE805D2ABAD42500AEEF4C /* ColorPicker.swift */; };
		F5EE80602ABAE3D900AEEF4C /* DatePickerLearning.swift in Sources */ = {isa = PBXBuildFile; fileRef = F5EE805F2ABAE3D900AEEF4C /* DatePickerLearning.swift */; };
		F5EE80622ABAEBD800AEEF4C /* Stepper.swift in Sources */ = {isa = PBXBuildFile; fileRef = F5EE80612ABAEBD800AEEF4C /* Stepper.swift */; };
		F5EE80642ABB001A00AEEF4C /* SliderLearning.swift in Sources */ = {isa = PBXBuildFile; fileRef = F5EE80632ABB001A00AEEF4C /* SliderLearning.swift */; };
		F5EE80662ABB14D300AEEF4C /* TabView&PageTabView.swift in Sources */ = {isa = PBXBuildFile; fileRef = F5EE80652ABB14D300AEEF4C /* TabView&PageTabView.swift */; };
		F5EE80682ABC117000AEEF4C /* AdaptForDarkMode.swift in Sources */ = {isa = PBXBuildFile; fileRef = F5EE80672ABC117000AEEF4C /* AdaptForDarkMode.swift */; };
		F5EE806A2ABC45AD00AEEF4C /* OnAppearOnDisappear.swift in Sources */ = {isa = PBXBuildFile; fileRef = F5EE80692ABC45AD00AEEF4C /* OnAppearOnDisappear.swift */; };
		F5EE806C2ABC530300AEEF4C /* TapGesture.swift in Sources */ = {isa = PBXBuildFile; fileRef = F5EE806B2ABC530300AEEF4C /* TapGesture.swift */; };
		F5EE806E2ABD57B200AEEF4C /* Observable:StateObject.swift in Sources */ = {isa = PBXBuildFile; fileRef = F5EE806D2ABD57B200AEEF4C /* Observable:StateObject.swift */; };
/* End PBXBuildFile section */

/* Begin PBXFileReference section */
		252D05832A95C4FE004ED9DB /* Icons.swift */ = {isa = PBXFileReference; lastKnownFileType = sourcecode.swift; path = Icons.swift; sourceTree = "<group>"; };
		252D05852A95D3A3004ED9DB /* Frames.swift */ = {isa = PBXFileReference; lastKnownFileType = sourcecode.swift; path = Frames.swift; sourceTree = "<group>"; };
		252D05872A95D9C5004ED9DB /* BackgroundAndOverlay.swift */ = {isa = PBXFileReference; lastKnownFileType = sourcecode.swift; path = BackgroundAndOverlay.swift; sourceTree = "<group>"; };
		258EED582A504F7900D52BBE /* LearningSwiftUI.app */ = {isa = PBXFileReference; explicitFileType = wrapper.application; includeInIndex = 0; path = LearningSwiftUI.app; sourceTree = BUILT_PRODUCTS_DIR; };
		258EED5B2A504F7A00D52BBE /* LearningSwiftUIApp.swift */ = {isa = PBXFileReference; lastKnownFileType = sourcecode.swift; path = LearningSwiftUIApp.swift; sourceTree = "<group>"; };
		258EED5D2A504F7A00D52BBE /* ContentView.swift */ = {isa = PBXFileReference; lastKnownFileType = sourcecode.swift; path = ContentView.swift; sourceTree = "<group>"; };
		258EED5F2A504F7C00D52BBE /* Assets.xcassets */ = {isa = PBXFileReference; lastKnownFileType = folder.assetcatalog; path = Assets.xcassets; sourceTree = "<group>"; };
		258EED622A504F7C00D52BBE /* Preview Assets.xcassets */ = {isa = PBXFileReference; lastKnownFileType = folder.assetcatalog; path = "Preview Assets.xcassets"; sourceTree = "<group>"; };
		25CA897B2A94BB97007B0004 /* Shapes.swift */ = {isa = PBXFileReference; lastKnownFileType = sourcecode.swift; path = Shapes.swift; sourceTree = "<group>"; };
		25CA897D2A94CB10007B0004 /* Colors.swift */ = {isa = PBXFileReference; lastKnownFileType = sourcecode.swift; path = Colors.swift; sourceTree = "<group>"; };
		25CA897F2A94CC5D007B0004 /* Gradient.swift */ = {isa = PBXFileReference; lastKnownFileType = sourcecode.swift; path = Gradient.swift; sourceTree = "<group>"; };
		25DCFE722A9C7153003A8438 /* Stacks(H, V, Z).swift */ = {isa = PBXFileReference; lastKnownFileType = sourcecode.swift; path = "Stacks(H, V, Z).swift"; sourceTree = "<group>"; };
		25DCFE742A9C80AC003A8438 /* Padding.swift */ = {isa = PBXFileReference; lastKnownFileType = sourcecode.swift; path = Padding.swift; sourceTree = "<group>"; };
		84FB5AC22AD9CA2A000E0A9D /* FocusState.swift */ = {isa = PBXFileReference; lastKnownFileType = sourcecode.swift; path = FocusState.swift; sourceTree = "<group>"; };
		84FB5AC42ADA8E83000E0A9D /* CustomizingKeyboardSubmitButton.swift */ = {isa = PBXFileReference; lastKnownFileType = sourcecode.swift; path = CustomizingKeyboardSubmitButton.swift; sourceTree = "<group>"; };
		84FB5AC62ADA9B61000E0A9D /* NavigationStackLearning.swift */ = {isa = PBXFileReference; lastKnownFileType = sourcecode.swift; path = NavigationStackLearning.swift; sourceTree = "<group>"; };
		84FB5AC82ADABF75000E0A9D /* ToolBarLearning.swift */ = {isa = PBXFileReference; lastKnownFileType = sourcecode.swift; path = ToolBarLearning.swift; sourceTree = "<group>"; };
		84FB5ACA2ADB0D9D000E0A9D /* ResizableSheets.swift */ = {isa = PBXFileReference; lastKnownFileType = sourcecode.swift; path = ResizableSheets.swift; sourceTree = "<group>"; };
		84FB5ACC2ADB1250000E0A9D /* SafeAreaInsets.swift */ = {isa = PBXFileReference; lastKnownFileType = sourcecode.swift; path = SafeAreaInsets.swift; sourceTree = "<group>"; };
		84FB5ACE2ADB1CE7000E0A9D /* GroupLearning.swift */ = {isa = PBXFileReference; lastKnownFileType = sourcecode.swift; path = GroupLearning.swift; sourceTree = "<group>"; };
		84FB5AD02ADB2542000E0A9D /* MenuLearning.swift */ = {isa = PBXFileReference; lastKnownFileType = sourcecode.swift; path = MenuLearning.swift; sourceTree = "<group>"; };
		F509BA582AA9ADFC00A06E20 /* Spacers.swift */ = {isa = PBXFileReference; lastKnownFileType = sourcecode.swift; path = Spacers.swift; sourceTree = "<group>"; };
		F509BA5A2AAADF0D00A06E20 /* InitsAndEnums.swift */ = {isa = PBXFileReference; lastKnownFileType = sourcecode.swift; path = InitsAndEnums.swift; sourceTree = "<group>"; };
		F509BA5C2AAAEBD000A06E20 /* LoopsForEach.swift */ = {isa = PBXFileReference; lastKnownFileType = sourcecode.swift; path = LoopsForEach.swift; sourceTree = "<group>"; };
		F509BA5E2AAB236C00A06E20 /* ScrollViews.swift */ = {isa = PBXFileReference; lastKnownFileType = sourcecode.swift; path = ScrollViews.swift; sourceTree = "<group>"; };
		F509BA602AAB285000A06E20 /* LazyStacks.swift */ = {isa = PBXFileReference; lastKnownFileType = sourcecode.swift; path = LazyStacks.swift; sourceTree = "<group>"; };
		F509BA622AAB3E5E00A06E20 /* Grids.swift */ = {isa = PBXFileReference; lastKnownFileType = sourcecode.swift; path = Grids.swift; sourceTree = "<group>"; };
		F509BA642AADDC5000A06E20 /* SafeArea.swift */ = {isa = PBXFileReference; lastKnownFileType = sourcecode.swift; path = SafeArea.swift; sourceTree = "<group>"; };
		F509BA662AAECFC100A06E20 /* Buttons.swift */ = {isa = PBXFileReference; lastKnownFileType = sourcecode.swift; path = Buttons.swift; sourceTree = "<group>"; };
		F509BA6A2AAEDC1000A06E20 /* State_Concept.swift */ = {isa = PBXFileReference; lastKnownFileType = sourcecode.swift; path = State_Concept.swift; sourceTree = "<group>"; };
		F509BA6C2AAEE4E700A06E20 /* ExtractFunctions.swift */ = {isa = PBXFileReference; lastKnownFileType = sourcecode.swift; path = ExtractFunctions.swift; sourceTree = "<group>"; };
		F509BA6E2AAEF6BB00A06E20 /* ExtractSubviews.swift */ = {isa = PBXFileReference; lastKnownFileType = sourcecode.swift; path = ExtractSubviews.swift; sourceTree = "<group>"; };
		F509BA702AAF170100A06E20 /* Binding.swift */ = {isa = PBXFileReference; lastKnownFileType = sourcecode.swift; path = Binding.swift; sourceTree = "<group>"; };
		F509BA722AB06F1000A06E20 /* Conditionals.swift */ = {isa = PBXFileReference; lastKnownFileType = sourcecode.swift; path = Conditionals.swift; sourceTree = "<group>"; };
		F509BA742AB171F000A06E20 /* TernaryOperator.swift */ = {isa = PBXFileReference; lastKnownFileType = sourcecode.swift; path = TernaryOperator.swift; sourceTree = "<group>"; };
		F509BA762AB17C3D00A06E20 /* Animations.swift */ = {isa = PBXFileReference; lastKnownFileType = sourcecode.swift; path = Animations.swift; sourceTree = "<group>"; };
		F509BA782AB187AC00A06E20 /* AnimationTiming:Curve.swift */ = {isa = PBXFileReference; lastKnownFileType = sourcecode.swift; path = "AnimationTiming:Curve.swift"; sourceTree = "<group>"; };
		F509BA7A2AB1BAB100A06E20 /* Transitions.swift */ = {isa = PBXFileReference; lastKnownFileType = sourcecode.swift; path = Transitions.swift; sourceTree = "<group>"; };
		F58395CE2AB5C49900D27F74 /* NavigationView.swift */ = {isa = PBXFileReference; lastKnownFileType = sourcecode.swift; path = NavigationView.swift; sourceTree = "<group>"; };
		F58395D02AB6380200D27F74 /* ListsLearning.swift */ = {isa = PBXFileReference; lastKnownFileType = sourcecode.swift; path = ListsLearning.swift; sourceTree = "<group>"; };
		F58395D22AB716FE00D27F74 /* AlertsLearning.swift */ = {isa = PBXFileReference; lastKnownFileType = sourcecode.swift; path = AlertsLearning.swift; sourceTree = "<group>"; };
		F583962C2AB9708B00D27F74 /* ActionSheetLearning.swift */ = {isa = PBXFileReference; lastKnownFileType = sourcecode.swift; path = ActionSheetLearning.swift; sourceTree = "<group>"; };
		F583962E2AB97CAE00D27F74 /* ContextMenu.swift */ = {isa = PBXFileReference; lastKnownFileType = sourcecode.swift; path = ContextMenu.swift; sourceTree = "<group>"; };
		F58396302AB9872200D27F74 /* TextfieldLearning.swift */ = {isa = PBXFileReference; lastKnownFileType = sourcecode.swift; path = TextfieldLearning.swift; sourceTree = "<group>"; };
		F58396322AB99B9E00D27F74 /* TestEditorLearning.swift */ = {isa = PBXFileReference; lastKnownFileType = sourcecode.swift; path = TestEditorLearning.swift; sourceTree = "<group>"; };
		F58396342AB9A27200D27F74 /* ToggleLearning.swift */ = {isa = PBXFileReference; lastKnownFileType = sourcecode.swift; path = ToggleLearning.swift; sourceTree = "<group>"; };
		F58396362AB9AF7300D27F74 /* PickerLearning.swift */ = {isa = PBXFileReference; lastKnownFileType = sourcecode.swift; path = PickerLearning.swift; sourceTree = "<group>"; };
		F5D3F2982ABD79DD007D5140 /* EnvironmentObject.swift */ = {isa = PBXFileReference; lastKnownFileType = sourcecode.swift; path = EnvironmentObject.swift; sourceTree = "<group>"; };
		F5D3F29A2ABD97E9007D5140 /* AppStorageLearning.swift */ = {isa = PBXFileReference; lastKnownFileType = sourcecode.swift; path = AppStorageLearning.swift; sourceTree = "<group>"; };
		F5D3F29D2ABEE72B007D5140 /* IntroView.swift */ = {isa = PBXFileReference; lastKnownFileType = sourcecode.swift; path = IntroView.swift; sourceTree = "<group>"; };
		F5D3F29F2ABEE73C007D5140 /* OnboardingView.swift */ = {isa = PBXFileReference; lastKnownFileType = sourcecode.swift; path = OnboardingView.swift; sourceTree = "<group>"; };
		F5D45E092AB42EC5003DBE51 /* PopUpSheetsAndFullScreenCover.swift */ = {isa = PBXFileReference; lastKnownFileType = sourcecode.swift; path = PopUpSheetsAndFullScreenCover.swift; sourceTree = "<group>"; };
		F5D45E0B2AB45768003DBE51 /* SheetsVsAnimationsVsTransitions.swift */ = {isa = PBXFileReference; lastKnownFileType = sourcecode.swift; path = SheetsVsAnimationsVsTransitions.swift; sourceTree = "<group>"; };
		F5EE805D2ABAD42500AEEF4C /* ColorPicker.swift */ = {isa = PBXFileReference; lastKnownFileType = sourcecode.swift; path = ColorPicker.swift; sourceTree = "<group>"; };
		F5EE805F2ABAE3D900AEEF4C /* DatePickerLearning.swift */ = {isa = PBXFileReference; lastKnownFileType = sourcecode.swift; path = DatePickerLearning.swift; sourceTree = "<group>"; };
		F5EE80612ABAEBD800AEEF4C /* Stepper.swift */ = {isa = PBXFileReference; lastKnownFileType = sourcecode.swift; path = Stepper.swift; sourceTree = "<group>"; };
		F5EE80632ABB001A00AEEF4C /* SliderLearning.swift */ = {isa = PBXFileReference; lastKnownFileType = sourcecode.swift; path = SliderLearning.swift; sourceTree = "<group>"; };
		F5EE80652ABB14D300AEEF4C /* TabView&PageTabView.swift */ = {isa = PBXFileReference; lastKnownFileType = sourcecode.swift; path = "TabView&PageTabView.swift"; sourceTree = "<group>"; };
		F5EE80672ABC117000AEEF4C /* AdaptForDarkMode.swift */ = {isa = PBXFileReference; lastKnownFileType = sourcecode.swift; path = AdaptForDarkMode.swift; sourceTree = "<group>"; };
		F5EE80692ABC45AD00AEEF4C /* OnAppearOnDisappear.swift */ = {isa = PBXFileReference; lastKnownFileType = sourcecode.swift; path = OnAppearOnDisappear.swift; sourceTree = "<group>"; };
		F5EE806B2ABC530300AEEF4C /* TapGesture.swift */ = {isa = PBXFileReference; lastKnownFileType = sourcecode.swift; path = TapGesture.swift; sourceTree = "<group>"; };
		F5EE806D2ABD57B200AEEF4C /* Observable:StateObject.swift */ = {isa = PBXFileReference; lastKnownFileType = sourcecode.swift; path = "Observable:StateObject.swift"; sourceTree = "<group>"; };
/* End PBXFileReference section */

/* Begin PBXFrameworksBuildPhase section */
		258EED552A504F7900D52BBE /* Frameworks */ = {
			isa = PBXFrameworksBuildPhase;
			buildActionMask = 2147483647;
			files = (
			);
			runOnlyForDeploymentPostprocessing = 0;
		};
/* End PBXFrameworksBuildPhase section */

/* Begin PBXGroup section */
		258EED4F2A504F7900D52BBE = {
			isa = PBXGroup;
			children = (
				258EED5A2A504F7900D52BBE /* LearningSwiftUI */,
				258EED592A504F7900D52BBE /* Products */,
			);
			sourceTree = "<group>";
		};
		258EED592A504F7900D52BBE /* Products */ = {
			isa = PBXGroup;
			children = (
				258EED582A504F7900D52BBE /* LearningSwiftUI.app */,
			);
			name = Products;
			sourceTree = "<group>";
		};
		258EED5A2A504F7900D52BBE /* LearningSwiftUI */ = {
			isa = PBXGroup;
			children = (
				258EED5B2A504F7A00D52BBE /* LearningSwiftUIApp.swift */,
				258EED5D2A504F7A00D52BBE /* ContentView.swift */,
				25CA897B2A94BB97007B0004 /* Shapes.swift */,
				25CA897D2A94CB10007B0004 /* Colors.swift */,
				25CA897F2A94CC5D007B0004 /* Gradient.swift */,
				252D05832A95C4FE004ED9DB /* Icons.swift */,
				252D05852A95D3A3004ED9DB /* Frames.swift */,
				252D05872A95D9C5004ED9DB /* BackgroundAndOverlay.swift */,
				25DCFE722A9C7153003A8438 /* Stacks(H, V, Z).swift */,
				25DCFE742A9C80AC003A8438 /* Padding.swift */,
				F509BA582AA9ADFC00A06E20 /* Spacers.swift */,
				F509BA5A2AAADF0D00A06E20 /* InitsAndEnums.swift */,
				F509BA5C2AAAEBD000A06E20 /* LoopsForEach.swift */,
				F509BA5E2AAB236C00A06E20 /* ScrollViews.swift */,
				F509BA602AAB285000A06E20 /* LazyStacks.swift */,
				F509BA622AAB3E5E00A06E20 /* Grids.swift */,
				F509BA642AADDC5000A06E20 /* SafeArea.swift */,
				F509BA662AAECFC100A06E20 /* Buttons.swift */,
				F509BA6A2AAEDC1000A06E20 /* State_Concept.swift */,
				F509BA6C2AAEE4E700A06E20 /* ExtractFunctions.swift */,
				F509BA6E2AAEF6BB00A06E20 /* ExtractSubviews.swift */,
				F509BA702AAF170100A06E20 /* Binding.swift */,
				F509BA722AB06F1000A06E20 /* Conditionals.swift */,
				F509BA742AB171F000A06E20 /* TernaryOperator.swift */,
				F509BA762AB17C3D00A06E20 /* Animations.swift */,
				F509BA782AB187AC00A06E20 /* AnimationTiming:Curve.swift */,
				F509BA7A2AB1BAB100A06E20 /* Transitions.swift */,
				F5D45E092AB42EC5003DBE51 /* PopUpSheetsAndFullScreenCover.swift */,
				F5D45E0B2AB45768003DBE51 /* SheetsVsAnimationsVsTransitions.swift */,
				F58395CE2AB5C49900D27F74 /* NavigationView.swift */,
				F58395D02AB6380200D27F74 /* ListsLearning.swift */,
				F58395D22AB716FE00D27F74 /* AlertsLearning.swift */,
				F583962C2AB9708B00D27F74 /* ActionSheetLearning.swift */,
				F583962E2AB97CAE00D27F74 /* ContextMenu.swift */,
				F58396302AB9872200D27F74 /* TextfieldLearning.swift */,
				F58396322AB99B9E00D27F74 /* TestEditorLearning.swift */,
				F58396342AB9A27200D27F74 /* ToggleLearning.swift */,
				F58396362AB9AF7300D27F74 /* PickerLearning.swift */,
				F5EE805D2ABAD42500AEEF4C /* ColorPicker.swift */,
				F5EE805F2ABAE3D900AEEF4C /* DatePickerLearning.swift */,
				F5EE80612ABAEBD800AEEF4C /* Stepper.swift */,
				F5EE80632ABB001A00AEEF4C /* SliderLearning.swift */,
				F5EE80652ABB14D300AEEF4C /* TabView&PageTabView.swift */,
				F5EE80672ABC117000AEEF4C /* AdaptForDarkMode.swift */,
				F5EE80692ABC45AD00AEEF4C /* OnAppearOnDisappear.swift */,
				F5EE806B2ABC530300AEEF4C /* TapGesture.swift */,
				F5EE806D2ABD57B200AEEF4C /* Observable:StateObject.swift */,
				F5D3F2982ABD79DD007D5140 /* EnvironmentObject.swift */,
				F5D3F29A2ABD97E9007D5140 /* AppStorageLearning.swift */,
				F5D3F29C2ABEE706007D5140 /* MiniAppIntro */,
				84FB5AC22AD9CA2A000E0A9D /* FocusState.swift */,
				84FB5AC42ADA8E83000E0A9D /* CustomizingKeyboardSubmitButton.swift */,
				84FB5AC62ADA9B61000E0A9D /* NavigationStackLearning.swift */,
				84FB5AC82ADABF75000E0A9D /* ToolBarLearning.swift */,
				84FB5ACA2ADB0D9D000E0A9D /* ResizableSheets.swift */,
				84FB5ACC2ADB1250000E0A9D /* SafeAreaInsets.swift */,
				84FB5ACE2ADB1CE7000E0A9D /* GroupLearning.swift */,
				84FB5AD02ADB2542000E0A9D /* MenuLearning.swift */,
				258EED5F2A504F7C00D52BBE /* Assets.xcassets */,
				258EED612A504F7C00D52BBE /* Preview Content */,
			);
			path = LearningSwiftUI;
			sourceTree = "<group>";
		};
		258EED612A504F7C00D52BBE /* Preview Content */ = {
			isa = PBXGroup;
			children = (
				258EED622A504F7C00D52BBE /* Preview Assets.xcassets */,
			);
			path = "Preview Content";
			sourceTree = "<group>";
		};
		F5D3F29C2ABEE706007D5140 /* MiniAppIntro */ = {
			isa = PBXGroup;
			children = (
				F5D3F29D2ABEE72B007D5140 /* IntroView.swift */,
				F5D3F29F2ABEE73C007D5140 /* OnboardingView.swift */,
			);
			path = MiniAppIntro;
			sourceTree = "<group>";
		};
/* End PBXGroup section */

/* Begin PBXNativeTarget section */
		258EED572A504F7900D52BBE /* LearningSwiftUI */ = {
			isa = PBXNativeTarget;
			buildConfigurationList = 258EED662A504F7C00D52BBE /* Build configuration list for PBXNativeTarget "LearningSwiftUI" */;
			buildPhases = (
				258EED542A504F7900D52BBE /* Sources */,
				258EED552A504F7900D52BBE /* Frameworks */,
				258EED562A504F7900D52BBE /* Resources */,
			);
			buildRules = (
			);
			dependencies = (
			);
			name = LearningSwiftUI;
			productName = LearningSwiftUI;
			productReference = 258EED582A504F7900D52BBE /* LearningSwiftUI.app */;
			productType = "com.apple.product-type.application";
		};
/* End PBXNativeTarget section */

/* Begin PBXProject section */
		258EED502A504F7900D52BBE /* Project object */ = {
			isa = PBXProject;
			attributes = {
				BuildIndependentTargetsInParallel = 1;
				LastSwiftUpdateCheck = 1400;
				LastUpgradeCheck = 1400;
				TargetAttributes = {
					258EED572A504F7900D52BBE = {
						CreatedOnToolsVersion = 14.0;
					};
				};
			};
			buildConfigurationList = 258EED532A504F7900D52BBE /* Build configuration list for PBXProject "LearningSwiftUI" */;
			compatibilityVersion = "Xcode 14.0";
			developmentRegion = en;
			hasScannedForEncodings = 0;
			knownRegions = (
				en,
				Base,
			);
			mainGroup = 258EED4F2A504F7900D52BBE;
			productRefGroup = 258EED592A504F7900D52BBE /* Products */;
			projectDirPath = "";
			projectRoot = "";
			targets = (
				258EED572A504F7900D52BBE /* LearningSwiftUI */,
			);
		};
/* End PBXProject section */

/* Begin PBXResourcesBuildPhase section */
		258EED562A504F7900D52BBE /* Resources */ = {
			isa = PBXResourcesBuildPhase;
			buildActionMask = 2147483647;
			files = (
				258EED632A504F7C00D52BBE /* Preview Assets.xcassets in Resources */,
				258EED602A504F7C00D52BBE /* Assets.xcassets in Resources */,
			);
			runOnlyForDeploymentPostprocessing = 0;
		};
/* End PBXResourcesBuildPhase section */

/* Begin PBXSourcesBuildPhase section */
		258EED542A504F7900D52BBE /* Sources */ = {
			isa = PBXSourcesBuildPhase;
			buildActionMask = 2147483647;
			files = (
				84FB5AC72ADA9B61000E0A9D /* NavigationStackLearning.swift in Sources */,
				F509BA5D2AAAEBD000A06E20 /* LoopsForEach.swift in Sources */,
				F509BA752AB171F000A06E20 /* TernaryOperator.swift in Sources */,
				F509BA6B2AAEDC1000A06E20 /* State_Concept.swift in Sources */,
				F509BA7B2AB1BAB100A06E20 /* Transitions.swift in Sources */,
				F583962D2AB9708B00D27F74 /* ActionSheetLearning.swift in Sources */,
				F509BA5F2AAB236C00A06E20 /* ScrollViews.swift in Sources */,
				F5EE80642ABB001A00AEEF4C /* SliderLearning.swift in Sources */,
				F509BA712AAF170100A06E20 /* Binding.swift in Sources */,
				252D05862A95D3A3004ED9DB /* Frames.swift in Sources */,
				F509BA772AB17C3D00A06E20 /* Animations.swift in Sources */,
				84FB5AC92ADABF75000E0A9D /* ToolBarLearning.swift in Sources */,
				F509BA732AB06F1000A06E20 /* Conditionals.swift in Sources */,
				84FB5ACB2ADB0D9D000E0A9D /* ResizableSheets.swift in Sources */,
				F5EE80622ABAEBD800AEEF4C /* Stepper.swift in Sources */,
				25DCFE752A9C80AC003A8438 /* Padding.swift in Sources */,
				F58395D32AB716FE00D27F74 /* AlertsLearning.swift in Sources */,
				F5D3F2992ABD79DD007D5140 /* EnvironmentObject.swift in Sources */,
				F5D3F2A02ABEE73C007D5140 /* OnboardingView.swift in Sources */,
				F58395D12AB6380200D27F74 /* ListsLearning.swift in Sources */,
				25CA89802A94CC5D007B0004 /* Gradient.swift in Sources */,
				F5D3F29E2ABEE72B007D5140 /* IntroView.swift in Sources */,
				F5EE805E2ABAD42500AEEF4C /* ColorPicker.swift in Sources */,
				F5EE806C2ABC530300AEEF4C /* TapGesture.swift in Sources */,
				252D05882A95D9C5004ED9DB /* BackgroundAndOverlay.swift in Sources */,
				F509BA5B2AAADF0D00A06E20 /* InitsAndEnums.swift in Sources */,
				F509BA652AADDC5000A06E20 /* SafeArea.swift in Sources */,
				84FB5AD12ADB2542000E0A9D /* MenuLearning.swift in Sources */,
				F58396352AB9A27200D27F74 /* ToggleLearning.swift in Sources */,
				F5EE80682ABC117000AEEF4C /* AdaptForDarkMode.swift in Sources */,
				F509BA6D2AAEE4E700A06E20 /* ExtractFunctions.swift in Sources */,
				84FB5ACD2ADB1250000E0A9D /* SafeAreaInsets.swift in Sources */,
				F583962F2AB97CAE00D27F74 /* ContextMenu.swift in Sources */,
				F509BA6F2AAEF6BB00A06E20 /* ExtractSubviews.swift in Sources */,
				F509BA792AB187AC00A06E20 /* AnimationTiming:Curve.swift in Sources */,
				F5EE80662ABB14D300AEEF4C /* TabView&PageTabView.swift in Sources */,
				258EED5E2A504F7A00D52BBE /* ContentView.swift in Sources */,
				84FB5AC32AD9CA2A000E0A9D /* FocusState.swift in Sources */,
				F509BA672AAECFC100A06E20 /* Buttons.swift in Sources */,
				252D05842A95C4FE004ED9DB /* Icons.swift in Sources */,
				25CA897E2A94CB10007B0004 /* Colors.swift in Sources */,
				F509BA592AA9ADFC00A06E20 /* Spacers.swift in Sources */,
				F58395CF2AB5C49900D27F74 /* NavigationView.swift in Sources */,
				F5D45E0C2AB45768003DBE51 /* SheetsVsAnimationsVsTransitions.swift in Sources */,
				F5D3F29B2ABD97E9007D5140 /* AppStorageLearning.swift in Sources */,
				F58396372AB9AF7300D27F74 /* PickerLearning.swift in Sources */,
				F5EE806E2ABD57B200AEEF4C /* Observable:StateObject.swift in Sources */,
				84FB5AC52ADA8E83000E0A9D /* CustomizingKeyboardSubmitButton.swift in Sources */,
				F58396312AB9872200D27F74 /* TextfieldLearning.swift in Sources */,
				F509BA612AAB285000A06E20 /* LazyStacks.swift in Sources */,
				F5EE806A2ABC45AD00AEEF4C /* OnAppearOnDisappear.swift in Sources */,
				F58396332AB99B9E00D27F74 /* TestEditorLearning.swift in Sources */,
				84FB5ACF2ADB1CE7000E0A9D /* GroupLearning.swift in Sources */,
				25DCFE732A9C7153003A8438 /* Stacks(H, V, Z).swift in Sources */,
				258EED5C2A504F7A00D52BBE /* LearningSwiftUIApp.swift in Sources */,
				25CA897C2A94BB97007B0004 /* Shapes.swift in Sources */,
				F509BA632AAB3E5E00A06E20 /* Grids.swift in Sources */,
				F5D45E0A2AB42EC5003DBE51 /* PopUpSheetsAndFullScreenCover.swift in Sources */,
				F5EE80602ABAE3D900AEEF4C /* DatePickerLearning.swift in Sources */,
			);
			runOnlyForDeploymentPostprocessing = 0;
		};
/* End PBXSourcesBuildPhase section */

/* Begin XCBuildConfiguration section */
		258EED642A504F7C00D52BBE /* Debug */ = {
			isa = XCBuildConfiguration;
			buildSettings = {
				ALWAYS_SEARCH_USER_PATHS = NO;
				CLANG_ANALYZER_NONNULL = YES;
				CLANG_ANALYZER_NUMBER_OBJECT_CONVERSION = YES_AGGRESSIVE;
				CLANG_CXX_LANGUAGE_STANDARD = "gnu++20";
				CLANG_ENABLE_MODULES = YES;
				CLANG_ENABLE_OBJC_ARC = YES;
				CLANG_ENABLE_OBJC_WEAK = YES;
				CLANG_WARN_BLOCK_CAPTURE_AUTORELEASING = YES;
				CLANG_WARN_BOOL_CONVERSION = YES;
				CLANG_WARN_COMMA = YES;
				CLANG_WARN_CONSTANT_CONVERSION = YES;
				CLANG_WARN_DEPRECATED_OBJC_IMPLEMENTATIONS = YES;
				CLANG_WARN_DIRECT_OBJC_ISA_USAGE = YES_ERROR;
				CLANG_WARN_DOCUMENTATION_COMMENTS = YES;
				CLANG_WARN_EMPTY_BODY = YES;
				CLANG_WARN_ENUM_CONVERSION = YES;
				CLANG_WARN_INFINITE_RECURSION = YES;
				CLANG_WARN_INT_CONVERSION = YES;
				CLANG_WARN_NON_LITERAL_NULL_CONVERSION = YES;
				CLANG_WARN_OBJC_IMPLICIT_RETAIN_SELF = YES;
				CLANG_WARN_OBJC_LITERAL_CONVERSION = YES;
				CLANG_WARN_OBJC_ROOT_CLASS = YES_ERROR;
				CLANG_WARN_QUOTED_INCLUDE_IN_FRAMEWORK_HEADER = YES;
				CLANG_WARN_RANGE_LOOP_ANALYSIS = YES;
				CLANG_WARN_STRICT_PROTOTYPES = YES;
				CLANG_WARN_SUSPICIOUS_MOVE = YES;
				CLANG_WARN_UNGUARDED_AVAILABILITY = YES_AGGRESSIVE;
				CLANG_WARN_UNREACHABLE_CODE = YES;
				CLANG_WARN__DUPLICATE_METHOD_MATCH = YES;
				COPY_PHASE_STRIP = NO;
				DEBUG_INFORMATION_FORMAT = dwarf;
				ENABLE_STRICT_OBJC_MSGSEND = YES;
				ENABLE_TESTABILITY = YES;
				GCC_C_LANGUAGE_STANDARD = gnu11;
				GCC_DYNAMIC_NO_PIC = NO;
				GCC_NO_COMMON_BLOCKS = YES;
				GCC_OPTIMIZATION_LEVEL = 0;
				GCC_PREPROCESSOR_DEFINITIONS = (
					"DEBUG=1",
					"$(inherited)",
				);
				GCC_WARN_64_TO_32_BIT_CONVERSION = YES;
				GCC_WARN_ABOUT_RETURN_TYPE = YES_ERROR;
				GCC_WARN_UNDECLARED_SELECTOR = YES;
				GCC_WARN_UNINITIALIZED_AUTOS = YES_AGGRESSIVE;
				GCC_WARN_UNUSED_FUNCTION = YES;
				GCC_WARN_UNUSED_VARIABLE = YES;
				IPHONEOS_DEPLOYMENT_TARGET = 16.0;
				MTL_ENABLE_DEBUG_INFO = INCLUDE_SOURCE;
				MTL_FAST_MATH = YES;
				ONLY_ACTIVE_ARCH = YES;
				SDKROOT = iphoneos;
				SWIFT_ACTIVE_COMPILATION_CONDITIONS = DEBUG;
				SWIFT_OPTIMIZATION_LEVEL = "-Onone";
			};
			name = Debug;
		};
		258EED652A504F7C00D52BBE /* Release */ = {
			isa = XCBuildConfiguration;
			buildSettings = {
				ALWAYS_SEARCH_USER_PATHS = NO;
				CLANG_ANALYZER_NONNULL = YES;
				CLANG_ANALYZER_NUMBER_OBJECT_CONVERSION = YES_AGGRESSIVE;
				CLANG_CXX_LANGUAGE_STANDARD = "gnu++20";
				CLANG_ENABLE_MODULES = YES;
				CLANG_ENABLE_OBJC_ARC = YES;
				CLANG_ENABLE_OBJC_WEAK = YES;
				CLANG_WARN_BLOCK_CAPTURE_AUTORELEASING = YES;
				CLANG_WARN_BOOL_CONVERSION = YES;
				CLANG_WARN_COMMA = YES;
				CLANG_WARN_CONSTANT_CONVERSION = YES;
				CLANG_WARN_DEPRECATED_OBJC_IMPLEMENTATIONS = YES;
				CLANG_WARN_DIRECT_OBJC_ISA_USAGE = YES_ERROR;
				CLANG_WARN_DOCUMENTATION_COMMENTS = YES;
				CLANG_WARN_EMPTY_BODY = YES;
				CLANG_WARN_ENUM_CONVERSION = YES;
				CLANG_WARN_INFINITE_RECURSION = YES;
				CLANG_WARN_INT_CONVERSION = YES;
				CLANG_WARN_NON_LITERAL_NULL_CONVERSION = YES;
				CLANG_WARN_OBJC_IMPLICIT_RETAIN_SELF = YES;
				CLANG_WARN_OBJC_LITERAL_CONVERSION = YES;
				CLANG_WARN_OBJC_ROOT_CLASS = YES_ERROR;
				CLANG_WARN_QUOTED_INCLUDE_IN_FRAMEWORK_HEADER = YES;
				CLANG_WARN_RANGE_LOOP_ANALYSIS = YES;
				CLANG_WARN_STRICT_PROTOTYPES = YES;
				CLANG_WARN_SUSPICIOUS_MOVE = YES;
				CLANG_WARN_UNGUARDED_AVAILABILITY = YES_AGGRESSIVE;
				CLANG_WARN_UNREACHABLE_CODE = YES;
				CLANG_WARN__DUPLICATE_METHOD_MATCH = YES;
				COPY_PHASE_STRIP = NO;
				DEBUG_INFORMATION_FORMAT = "dwarf-with-dsym";
				ENABLE_NS_ASSERTIONS = NO;
				ENABLE_STRICT_OBJC_MSGSEND = YES;
				GCC_C_LANGUAGE_STANDARD = gnu11;
				GCC_NO_COMMON_BLOCKS = YES;
				GCC_WARN_64_TO_32_BIT_CONVERSION = YES;
				GCC_WARN_ABOUT_RETURN_TYPE = YES_ERROR;
				GCC_WARN_UNDECLARED_SELECTOR = YES;
				GCC_WARN_UNINITIALIZED_AUTOS = YES_AGGRESSIVE;
				GCC_WARN_UNUSED_FUNCTION = YES;
				GCC_WARN_UNUSED_VARIABLE = YES;
				IPHONEOS_DEPLOYMENT_TARGET = 16.0;
				MTL_ENABLE_DEBUG_INFO = NO;
				MTL_FAST_MATH = YES;
				SDKROOT = iphoneos;
				SWIFT_COMPILATION_MODE = wholemodule;
				SWIFT_OPTIMIZATION_LEVEL = "-O";
				VALIDATE_PRODUCT = YES;
			};
			name = Release;
		};
		258EED672A504F7C00D52BBE /* Debug */ = {
			isa = XCBuildConfiguration;
			buildSettings = {
				ASSETCATALOG_COMPILER_APPICON_NAME = AppIcon;
				ASSETCATALOG_COMPILER_GLOBAL_ACCENT_COLOR_NAME = AccentColor;
				CODE_SIGN_STYLE = Automatic;
				CURRENT_PROJECT_VERSION = 1;
				DEVELOPMENT_ASSET_PATHS = "\"LearningSwiftUI/Preview Content\"";
				DEVELOPMENT_TEAM = F49PTZF8DC;
				ENABLE_PREVIEWS = YES;
				GENERATE_INFOPLIST_FILE = YES;
				INFOPLIST_KEY_UIApplicationSceneManifest_Generation = YES;
				INFOPLIST_KEY_UIApplicationSupportsIndirectInputEvents = YES;
				INFOPLIST_KEY_UILaunchScreen_Generation = YES;
				INFOPLIST_KEY_UISupportedInterfaceOrientations_iPad = "UIInterfaceOrientationPortrait UIInterfaceOrientationPortraitUpsideDown UIInterfaceOrientationLandscapeLeft UIInterfaceOrientationLandscapeRight";
				INFOPLIST_KEY_UISupportedInterfaceOrientations_iPhone = "UIInterfaceOrientationPortrait UIInterfaceOrientationLandscapeLeft UIInterfaceOrientationLandscapeRight";
				LD_RUNPATH_SEARCH_PATHS = (
					"$(inherited)",
					"@executable_path/Frameworks",
				);
				MARKETING_VERSION = 1.0;
				PRODUCT_BUNDLE_IDENTIFIER = com.djLearning.dj.LearningSwiftUI;
				PRODUCT_NAME = "$(TARGET_NAME)";
				SWIFT_EMIT_LOC_STRINGS = YES;
				SWIFT_VERSION = 5.0;
				TARGETED_DEVICE_FAMILY = "1,2";
			};
			name = Debug;
		};
		258EED682A504F7C00D52BBE /* Release */ = {
			isa = XCBuildConfiguration;
			buildSettings = {
				ASSETCATALOG_COMPILER_APPICON_NAME = AppIcon;
				ASSETCATALOG_COMPILER_GLOBAL_ACCENT_COLOR_NAME = AccentColor;
				CODE_SIGN_STYLE = Automatic;
				CURRENT_PROJECT_VERSION = 1;
				DEVELOPMENT_ASSET_PATHS = "\"LearningSwiftUI/Preview Content\"";
				DEVELOPMENT_TEAM = F49PTZF8DC;
				ENABLE_PREVIEWS = YES;
				GENERATE_INFOPLIST_FILE = YES;
				INFOPLIST_KEY_UIApplicationSceneManifest_Generation = YES;
				INFOPLIST_KEY_UIApplicationSupportsIndirectInputEvents = YES;
				INFOPLIST_KEY_UILaunchScreen_Generation = YES;
				INFOPLIST_KEY_UISupportedInterfaceOrientations_iPad = "UIInterfaceOrientationPortrait UIInterfaceOrientationPortraitUpsideDown UIInterfaceOrientationLandscapeLeft UIInterfaceOrientationLandscapeRight";
				INFOPLIST_KEY_UISupportedInterfaceOrientations_iPhone = "UIInterfaceOrientationPortrait UIInterfaceOrientationLandscapeLeft UIInterfaceOrientationLandscapeRight";
				LD_RUNPATH_SEARCH_PATHS = (
					"$(inherited)",
					"@executable_path/Frameworks",
				);
				MARKETING_VERSION = 1.0;
				PRODUCT_BUNDLE_IDENTIFIER = com.djLearning.dj.LearningSwiftUI;
				PRODUCT_NAME = "$(TARGET_NAME)";
				SWIFT_EMIT_LOC_STRINGS = YES;
				SWIFT_VERSION = 5.0;
				TARGETED_DEVICE_FAMILY = "1,2";
			};
			name = Release;
		};
/* End XCBuildConfiguration section */

/* Begin XCConfigurationList section */
		258EED532A504F7900D52BBE /* Build configuration list for PBXProject "LearningSwiftUI" */ = {
			isa = XCConfigurationList;
			buildConfigurations = (
				258EED642A504F7C00D52BBE /* Debug */,
				258EED652A504F7C00D52BBE /* Release */,
			);
			defaultConfigurationIsVisible = 0;
			defaultConfigurationName = Release;
		};
		258EED662A504F7C00D52BBE /* Build configuration list for PBXNativeTarget "LearningSwiftUI" */ = {
			isa = XCConfigurationList;
			buildConfigurations = (
				258EED672A504F7C00D52BBE /* Debug */,
				258EED682A504F7C00D52BBE /* Release */,
			);
			defaultConfigurationIsVisible = 0;
			defaultConfigurationName = Release;
		};
/* End XCConfigurationList section */
	};
	rootObject = 258EED502A504F7900D52BBE /* Project object */;
}
